
Microsoft Visual Studio Solution File, Format Version 12.00
# Visual Studio Version 17
VisualStudioVersion = 17.7.34221.43
MinimumVisualStudioVersion = 10.0.40219.1
Project("{FAE04EC0-301F-11D3-BF4B-00C04F79EFBC}") = "SolPersonalComputer", "SolPersonalComputer\SolPersonalComputer.csproj", "{94D3E075-D9C4-4BC9-B018-433D46D2D301}"
EndProject
Global
	GlobalSection(SolutionConfigurationPlatforms) = preSolution
		Debug|Any CPU = Debug|Any CPU
		Release|Any CPU = Release|Any CPU
	EndGlobalSection
	GlobalSection(ProjectConfigurationPlatforms) = postSolution
		{94D3E075-D9C4-4BC9-B018-433D46D2D301}.Debug|Any CPU.ActiveCfg = Debug|Any CPU
		{94D3E075-D9C4-4BC9-B018-433D46D2D301}.Debug|Any CPU.Build.0 = Debug|Any CPU
		{94D3E075-D9C4-4BC9-B018-433D46D2D301}.Release|Any CPU.ActiveCfg = Release|Any CPU
		{94D3E075-D9C4-4BC9-B018-433D46D2D301}.Release|Any CPU.Build.0 = Release|Any CPU
	EndGlobalSection
	GlobalSection(SolutionProperties) = preSolution
		HideSolutionNode = FALSE
	EndGlobalSection
	GlobalSection(ExtensibilityGlobals) = postSolution
		SolutionGuid = {63021E5D-184F-4547-AAF1-20AD510EDA30}
	EndGlobalSection
EndGlobal
